
Microsoft Visual Studio Solution File, Format Version 12.00
# Visual Studio Version 17
VisualStudioVersion = 17.13.35825.156
MinimumVisualStudioVersion = 10.0.40219.1
Project("{8BC9CEB8-8B4A-11D0-8D11-00A0C91BC942}") = "SDLProject", "SDLProject.vcxproj", "{194F61EA-8422-484C-88A6-7FD86BA62EA9}"
EndProject
Project("{8BC9CEB8-8B4A-11D0-8D11-00A0C91BC942}") = "SDL3", "..\SDL\VisualC\SDL\SDL.vcxproj", "{81CE8DAF-EBB2-4761-8E45-B71ABCCA8C68}"
EndProject
Global
	GlobalSection(SolutionConfigurationPlatforms) = preSolution
		Debug|x64 = Debug|x64
		Debug|x86 = Debug|x86
		Release|x64 = Release|x64
		Release|x86 = Release|x86
	EndGlobalSection
	GlobalSection(ProjectConfigurationPlatforms) = postSolution
		{194F61EA-8422-484C-88A6-7FD86BA62EA9}.Debug|x64.ActiveCfg = Debug|x64
		{194F61EA-8422-484C-88A6-7FD86BA62EA9}.Debug|x64.Build.0 = Debug|x64
		{194F61EA-8422-484C-88A6-7FD86BA62EA9}.Debug|x86.ActiveCfg = Debug|Win32
		{194F61EA-8422-484C-88A6-7FD86BA62EA9}.Debug|x86.Build.0 = Debug|Win32
		{194F61EA-8422-484C-88A6-7FD86BA62EA9}.Release|x64.ActiveCfg = Release|x64
		{194F61EA-8422-484C-88A6-7FD86BA62EA9}.Release|x64.Build.0 = Release|x64
		{194F61EA-8422-484C-88A6-7FD86BA62EA9}.Release|x86.ActiveCfg = Release|Win32
		{194F61EA-8422-484C-88A6-7FD86BA62EA9}.Release|x86.Build.0 = Release|Win32
		{81CE8DAF-EBB2-4761-8E45-B71ABCCA8C68}.Debug|x64.ActiveCfg = Debug|x64
		{81CE8DAF-EBB2-4761-8E45-B71ABCCA8C68}.Debug|x64.Build.0 = Debug|x64
		{81CE8DAF-EBB2-4761-8E45-B71ABCCA8C68}.Debug|x86.ActiveCfg = Debug|Win32
		{81CE8DAF-EBB2-4761-8E45-B71ABCCA8C68}.Debug|x86.Build.0 = Debug|Win32
		{81CE8DAF-EBB2-4761-8E45-B71ABCCA8C68}.Release|x64.ActiveCfg = Release|x64
		{81CE8DAF-EBB2-4761-8E45-B71ABCCA8C68}.Release|x64.Build.0 = Release|x64
		{81CE8DAF-EBB2-4761-8E45-B71ABCCA8C68}.Release|x86.ActiveCfg = Release|Win32
		{81CE8DAF-EBB2-4761-8E45-B71ABCCA8C68}.Release|x86.Build.0 = Release|Win32
	EndGlobalSection
	GlobalSection(SolutionProperties) = preSolution
		HideSolutionNode = FALSE
	EndGlobalSection
	GlobalSection(ExtensibilityGlobals) = postSolution
		SolutionGuid = {1CF6DF2A-4899-4F86-9070-0344D9C71700}
	EndGlobalSection
EndGlobal
